{
  "object": {
    "pins": [
      {
        "package": "CommandLineKit",
        "repositoryURL": "https://github.com/sebastianpixel/swift-commandlinekit",
        "state": {
          "branch": "master",
          "revision": "46ac0578c5d60a8dd6fb68fbe38655a8835b261b",
          "version": null
        }
      },
      {
        "package": "SwiftFormat",
        "repositoryURL": "https://github.com/nicklockwood/SwiftFormat",
        "state": {
          "branch": null,
          "revision": "378543f07b6acf6e13982ffed8bd71d4b0041f61",
          "version": "0.49.11"
        }
      },
      {
        "package": "Yams",
        "repositoryURL": "https://github.com/jpsim/Yams.git",
        "state": {
          "branch": null,
          "revision": "c947a306d2e80ecb2c0859047b35c73b8e1ca27f",
          "version": "2.0.0"
        }
      }
    ]
  },
  "version": 1
}
